// !$*UTF8*$!
{
	archiveVersion = 1;
	classes = {
	};
	objectVersion = 50;
	objects = {

/* Begin PBXBuildFile section */
		18BF2E7724EA5AAD002A934C /* AppDelegate.swift in Sources */ = {isa = PBXBuildFile; fileRef = 18BF2E7624EA5AAD002A934C /* AppDelegate.swift */; };
		18BF2E7924EA5AAD002A934C /* SceneDelegate.swift in Sources */ = {isa = PBXBuildFile; fileRef = 18BF2E7824EA5AAD002A934C /* SceneDelegate.swift */; };
		18BF2E7B24EA5AAD002A934C /* ViewController.swift in Sources */ = {isa = PBXBuildFile; fileRef = 18BF2E7A24EA5AAD002A934C /* ViewController.swift */; };
		18BF2E7E24EA5AAD002A934C /* Main.storyboard in Resources */ = {isa = PBXBuildFile; fileRef = 18BF2E7C24EA5AAD002A934C /* Main.storyboard */; };
		18BF2E8024EA5AAE002A934C /* Assets.xcassets in Resources */ = {isa = PBXBuildFile; fileRef = 18BF2E7F24EA5AAE002A934C /* Assets.xcassets */; };
		18BF2E8324EA5AAE002A934C /* LaunchScreen.storyboard in Resources */ = {isa = PBXBuildFile; fileRef = 18BF2E8124EA5AAE002A934C /* LaunchScreen.storyboard */; };
		18BF2E8B24EA5D19002A934C /* DetailViewController.swift in Sources */ = {isa = PBXBuildFile; fileRef = 18BF2E8A24EA5D19002A934C /* DetailViewController.swift */; };
		18BF2E8D24EA998B002A934C /* Note.swift in Sources */ = {isa = PBXBuildFile; fileRef = 18BF2E8C24EA998B002A934C /* Note.swift */; };
/* End PBXBuildFile section */

/* Begin PBXFileReference section */
		18BF2E7324EA5AAD002A934C /* AppleNotesDay74.app */ = {isa = PBXFileReference; explicitFileType = wrapper.application; includeInIndex = 0; path = AppleNotesDay74.app; sourceTree = BUILT_PRODUCTS_DIR; };
		18BF2E7624EA5AAD002A934C /* AppDelegate.swift */ = {isa = PBXFileReference; lastKnownFileType = sourcecode.swift; path = AppDelegate.swift; sourceTree = "<group>"; };
		18BF2E7824EA5AAD002A934C /* SceneDelegate.swift */ = {isa = PBXFileReference; lastKnownFileType = sourcecode.swift; path = SceneDelegate.swift; sourceTree = "<group>"; };
		18BF2E7A24EA5AAD002A934C /* ViewController.swift */ = {isa = PBXFileReference; lastKnownFileType = sourcecode.swift; path = ViewController.swift; sourceTree = "<group>"; };
		18BF2E7D24EA5AAD002A934C /* Base */ = {isa = PBXFileReference; lastKnownFileType = file.storyboard; name = Base; path = Base.lproj/Main.storyboard; sourceTree = "<group>"; };
		18BF2E7F24EA5AAE002A934C /* Assets.xcassets */ = {isa = PBXFileReference; lastKnownFileType = folder.assetcatalog; path = Assets.xcassets; sourceTree = "<group>"; };
		18BF2E8224EA5AAE002A934C /* Base */ = {isa = PBXFileReference; lastKnownFileType = file.storyboard; name = Base; path = Base.lproj/LaunchScreen.storyboard; sourceTree = "<group>"; };
		18BF2E8424EA5AAE002A934C /* Info.plist */ = {isa = PBXFileReference; lastKnownFileType = text.plist.xml; path = Info.plist; sourceTree = "<group>"; };
		18BF2E8A24EA5D19002A934C /* DetailViewController.swift */ = {isa = PBXFileReference; lastKnownFileType = sourcecode.swift; path = DetailViewController.swift; sourceTree = "<group>"; };
		18BF2E8C24EA998B002A934C /* Note.swift */ = {isa = PBXFileReference; lastKnownFileType = sourcecode.swift; path = Note.swift; sourceTree = "<group>"; };
/* End PBXFileReference section */

/* Begin PBXFrameworksBuildPhase section */
		18BF2E7024EA5AAD002A934C /* Frameworks */ = {
			isa = PBXFrameworksBuildPhase;
			buildActionMask = 2147483647;
			files = (
			);
			runOnlyForDeploymentPostprocessing = 0;
		};
/* End PBXFrameworksBuildPhase section */

/* Begin PBXGroup section */
		18BF2E6A24EA5AAD002A934C = {
			isa = PBXGroup;
			children = (
				18BF2E7524EA5AAD002A934C /* AppleNotesDay74 */,
				18BF2E7424EA5AAD002A934C /* Products */,
			);
			sourceTree = "<group>";
		};
		18BF2E7424EA5AAD002A934C /* Products */ = {
			isa = PBXGroup;
			children = (
				18BF2E7324EA5AAD002A934C /* AppleNotesDay74.app */,
			);
			name = Products;
			sourceTree = "<group>";
		};
		18BF2E7524EA5AAD002A934C /* AppleNotesDay74 */ = {
			isa = PBXGroup;
			children = (
				18BF2E7624EA5AAD002A934C /* AppDelegate.swift */,
				18BF2E7824EA5AAD002A934C /* SceneDelegate.swift */,
				18BF2E7A24EA5AAD002A934C /* ViewController.swift */,
				18BF2E8A24EA5D19002A934C /* DetailViewController.swift */,
				18BF2E8C24EA998B002A934C /* Note.swift */,
				18BF2E7C24EA5AAD002A934C /* Main.storyboard */,
				18BF2E7F24EA5AAE002A934C /* Assets.xcassets */,
				18BF2E8124EA5AAE002A934C /* LaunchScreen.storyboard */,
				18BF2E8424EA5AAE002A934C /* Info.plist */,
			);
			path = AppleNotesDay74;
			sourceTree = "<group>";
		};
/* End PBXGroup section */

/* Begin PBXNativeTarget section */
		18BF2E7224EA5AAD002A934C /* AppleNotesDay74 */ = {
			isa = PBXNativeTarget;
			buildConfigurationList = 18BF2E8724EA5AAE002A934C /* Build configuration list for PBXNativeTarget "AppleNotesDay74" */;
			buildPhases = (
				18BF2E6F24EA5AAD002A934C /* Sources */,
				18BF2E7024EA5AAD002A934C /* Frameworks */,
				18BF2E7124EA5AAD002A934C /* Resources */,
			);
			buildRules = (
			);
			dependencies = (
			);
			name = AppleNotesDay74;
			productName = AppleNotesDay74;
			productReference = 18BF2E7324EA5AAD002A934C /* AppleNotesDay74.app */;
			productType = "com.apple.product-type.application";
		};
/* End PBXNativeTarget section */

/* Begin PBXProject section */
		18BF2E6B24EA5AAD002A934C /* Project object */ = {
			isa = PBXProject;
			attributes = {
				LastSwiftUpdateCheck = 1160;
				LastUpgradeCheck = 1160;
				ORGANIZATIONNAME = somfish;
				TargetAttributes = {
					18BF2E7224EA5AAD002A934C = {
						CreatedOnToolsVersion = 11.6;
					};
				};
			};
			buildConfigurationList = 18BF2E6E24EA5AAD002A934C /* Build configuration list for PBXProject "AppleNotesDay74" */;
			compatibilityVersion = "Xcode 9.3";
			developmentRegion = en;
			hasScannedForEncodings = 0;
			knownRegions = (
				en,
				Base,
			);
			mainGroup = 18BF2E6A24EA5AAD002A934C;
			productRefGroup = 18BF2E7424EA5AAD002A934C /* Products */;
			projectDirPath = "";
			projectRoot = "";
			targets = (
				18BF2E7224EA5AAD002A934C /* AppleNotesDay74 */,
			);
		};
/* End PBXProject section */

/* Begin PBXResourcesBuildPhase section */
		18BF2E7124EA5AAD002A934C /* Resources */ = {
			isa = PBXResourcesBuildPhase;
			buildActionMask = 2147483647;
			files = (
				18BF2E8324EA5AAE002A934C /* LaunchScreen.storyboard in Resources */,
				18BF2E8024EA5AAE002A934C /* Assets.xcassets in Resources */,
				18BF2E7E24EA5AAD002A934C /* Main.storyboard in Resources */,
			);
			runOnlyForDeploymentPostprocessing = 0;
		};
/* End PBXResourcesBuildPhase section */

/* Begin PBXSourcesBuildPhase section */
		18BF2E6F24EA5AAD002A934C /* Sources */ = {
			isa = PBXSourcesBuildPhase;
			buildActionMask = 2147483647;
			files = (
				18BF2E8D24EA998B002A934C /* Note.swift in Sources */,
				18BF2E7B24EA5AAD002A934C /* ViewController.swift in Sources */,
				18BF2E7724EA5AAD002A934C /* AppDelegate.swift in Sources */,
				18BF2E7924EA5AAD002A934C /* SceneDelegate.swift in Sources */,
				18BF2E8B24EA5D19002A934C /* DetailViewController.swift in Sources */,
			);
			runOnlyForDeploymentPostprocessing = 0;
		};
/* End PBXSourcesBuildPhase section */

/* Begin PBXVariantGroup section */
		18BF2E7C24EA5AAD002A934C /* Main.storyboard */ = {
			isa = PBXVariantGroup;
			children = (
				18BF2E7D24EA5AAD002A934C /* Base */,
			);
			name = Main.storyboard;
			sourceTree = "<group>";
		};
		18BF2E8124EA5AAE002A934C /* LaunchScreen.storyboard */ = {
			isa = PBXVariantGroup;
			children = (
				18BF2E8224EA5AAE002A934C /* Base */,
			);
			name = LaunchScreen.storyboard;
			sourceTree = "<group>";
		};
/* End PBXVariantGroup section */

/* Begin XCBuildConfiguration section */
		18BF2E8524EA5AAE002A934C /* Debug */ = {
			isa = XCBuildConfiguration;
			buildSettings = {
				ALWAYS_SEARCH_USER_PATHS = NO;
				CLANG_ANALYZER_NONNULL = YES;
				CLANG_ANALYZER_NUMBER_OBJECT_CONVERSION = YES_AGGRESSIVE;
				CLANG_CXX_LANGUAGE_STANDARD = "gnu++14";
				CLANG_CXX_LIBRARY = "libc++";
				CLANG_ENABLE_MODULES = YES;
				CLANG_ENABLE_OBJC_ARC = YES;
				CLANG_ENABLE_OBJC_WEAK = YES;
				CLANG_WARN_BLOCK_CAPTURE_AUTORELEASING = YES;
				CLANG_WARN_BOOL_CONVERSION = YES;
				CLANG_WARN_COMMA = YES;
				CLANG_WARN_CONSTANT_CONVERSION = YES;
				CLANG_WARN_DEPRECATED_OBJC_IMPLEMENTATIONS = YES;
				CLANG_WARN_DIRECT_OBJC_ISA_USAGE = YES_ERROR;
				CLANG_WARN_DOCUMENTATION_COMMENTS = YES;
				CLANG_WARN_EMPTY_BODY = YES;
				CLANG_WARN_ENUM_CONVERSION = YES;
				CLANG_WARN_INFINITE_RECURSION = YES;
				CLANG_WARN_INT_CONVERSION = YES;
				CLANG_WARN_NON_LITERAL_NULL_CONVERSION = YES;
				CLANG_WARN_OBJC_IMPLICIT_RETAIN_SELF = YES;
				CLANG_WARN_OBJC_LITERAL_CONVERSION = YES;
				CLANG_WARN_OBJC_ROOT_CLASS = YES_ERROR;
				CLANG_WARN_RANGE_LOOP_ANALYSIS = YES;
				CLANG_WARN_STRICT_PROTOTYPES = YES;
				CLANG_WARN_SUSPICIOUS_MOVE = YES;
				CLANG_WARN_UNGUARDED_AVAILABILITY = YES_AGGRESSIVE;
				CLANG_WARN_UNREACHABLE_CODE = YES;
				CLANG_WARN__DUPLICATE_METHOD_MATCH = YES;
				COPY_PHASE_STRIP = NO;
				DEBUG_INFORMATION_FORMAT = dwarf;
				ENABLE_STRICT_OBJC_MSGSEND = YES;
				ENABLE_TESTABILITY = YES;
				GCC_C_LANGUAGE_STANDARD = gnu11;
				GCC_DYNAMIC_NO_PIC = NO;
				GCC_NO_COMMON_BLOCKS = YES;
				GCC_OPTIMIZATION_LEVEL = 0;
				GCC_PREPROCESSOR_DEFINITIONS = (
					"DEBUG=1",
					"$(inherited)",
				);
				GCC_WARN_64_TO_32_BIT_CONVERSION = YES;
				GCC_WARN_ABOUT_RETURN_TYPE = YES_ERROR;
				GCC_WARN_UNDECLARED_SELECTOR = YES;
				GCC_WARN_UNINITIALIZED_AUTOS = YES_AGGRESSIVE;
				GCC_WARN_UNUSED_FUNCTION = YES;
				GCC_WARN_UNUSED_VARIABLE = YES;
				IPHONEOS_DEPLOYMENT_TARGET = 13.6;
				MTL_ENABLE_DEBUG_INFO = INCLUDE_SOURCE;
				MTL_FAST_MATH = YES;
				ONLY_ACTIVE_ARCH = YES;
				SDKROOT = iphoneos;
				SWIFT_ACTIVE_COMPILATION_CONDITIONS = DEBUG;
				SWIFT_OPTIMIZATION_LEVEL = "-Onone";
			};
			name = Debug;
		};
		18BF2E8624EA5AAE002A934C /* Release */ = {
			isa = XCBuildConfiguration;
			buildSettings = {
				ALWAYS_SEARCH_USER_PATHS = NO;
				CLANG_ANALYZER_NONNULL = YES;
				CLANG_ANALYZER_NUMBER_OBJECT_CONVERSION = YES_AGGRESSIVE;
				CLANG_CXX_LANGUAGE_STANDARD = "gnu++14";
				CLANG_CXX_LIBRARY = "libc++";
				CLANG_ENABLE_MODULES = YES;
				CLANG_ENABLE_OBJC_ARC = YES;
				CLANG_ENABLE_OBJC_WEAK = YES;
				CLANG_WARN_BLOCK_CAPTURE_AUTORELEASING = YES;
				CLANG_WARN_BOOL_CONVERSION = YES;
				CLANG_WARN_COMMA = YES;
				CLANG_WARN_CONSTANT_CONVERSION = YES;
				CLANG_WARN_DEPRECATED_OBJC_IMPLEMENTATIONS = YES;
				CLANG_WARN_DIRECT_OBJC_ISA_USAGE = YES_ERROR;
				CLANG_WARN_DOCUMENTATION_COMMENTS = YES;
				CLANG_WARN_EMPTY_BODY = YES;
				CLANG_WARN_ENUM_CONVERSION = YES;
				CLANG_WARN_INFINITE_RECURSION = YES;
				CLANG_WARN_INT_CONVERSION = YES;
				CLANG_WARN_NON_LITERAL_NULL_CONVERSION = YES;
				CLANG_WARN_OBJC_IMPLICIT_RETAIN_SELF = YES;
				CLANG_WARN_OBJC_LITERAL_CONVERSION = YES;
				CLANG_WARN_OBJC_ROOT_CLASS = YES_ERROR;
				CLANG_WARN_RANGE_LOOP_ANALYSIS = YES;
				CLANG_WARN_STRICT_PROTOTYPES = YES;
				CLANG_WARN_SUSPICIOUS_MOVE = YES;
				CLANG_WARN_UNGUARDED_AVAILABILITY = YES_AGGRESSIVE;
				CLANG_WARN_UNREACHABLE_CODE = YES;
				CLANG_WARN__DUPLICATE_METHOD_MATCH = YES;
				COPY_PHASE_STRIP = NO;
				DEBUG_INFORMATION_FORMAT = "dwarf-with-dsym";
				ENABLE_NS_ASSERTIONS = NO;
				ENABLE_STRICT_OBJC_MSGSEND = YES;
				GCC_C_LANGUAGE_STANDARD = gnu11;
				GCC_NO_COMMON_BLOCKS = YES;
				GCC_WARN_64_TO_32_BIT_CONVERSION = YES;
				GCC_WARN_ABOUT_RETURN_TYPE = YES_ERROR;
				GCC_WARN_UNDECLARED_SELECTOR = YES;
				GCC_WARN_UNINITIALIZED_AUTOS = YES_AGGRESSIVE;
				GCC_WARN_UNUSED_FUNCTION = YES;
				GCC_WARN_UNUSED_VARIABLE = YES;
				IPHONEOS_DEPLOYMENT_TARGET = 13.6;
				MTL_ENABLE_DEBUG_INFO = NO;
				MTL_FAST_MATH = YES;
				SDKROOT = iphoneos;
				SWIFT_COMPILATION_MODE = wholemodule;
				SWIFT_OPTIMIZATION_LEVEL = "-O";
				VALIDATE_PRODUCT = YES;
			};
			name = Release;
		};
		18BF2E8824EA5AAE002A934C /* Debug */ = {
			isa = XCBuildConfiguration;
			buildSettings = {
				ASSETCATALOG_COMPILER_APPICON_NAME = AppIcon;
				CODE_SIGN_STYLE = Automatic;
				DEVELOPMENT_TEAM = CXK6CY3MPT;
				INFOPLIST_FILE = AppleNotesDay74/Info.plist;
				LD_RUNPATH_SEARCH_PATHS = (
					"$(inherited)",
					"@executable_path/Frameworks",
				);
				PRODUCT_BUNDLE_IDENTIFIER = somfish.100.AppleNotesDay74;
				PRODUCT_NAME = "$(TARGET_NAME)";
				SWIFT_VERSION = 5.0;
				TARGETED_DEVICE_FAMILY = "1,2";
			};
			name = Debug;
		};
		18BF2E8924EA5AAE002A934C /* Release */ = {
			isa = XCBuildConfiguration;
			buildSettings = {
				ASSETCATALOG_COMPILER_APPICON_NAME = AppIcon;
				CODE_SIGN_STYLE = Automatic;
				DEVELOPMENT_TEAM = CXK6CY3MPT;
				INFOPLIST_FILE = AppleNotesDay74/Info.plist;
				LD_RUNPATH_SEARCH_PATHS = (
					"$(inherited)",
					"@executable_path/Frameworks",
				);
				PRODUCT_BUNDLE_IDENTIFIER = somfish.100.AppleNotesDay74;
				PRODUCT_NAME = "$(TARGET_NAME)";
				SWIFT_VERSION = 5.0;
				TARGETED_DEVICE_FAMILY = "1,2";
			};
			name = Release;
		};
/* End XCBuildConfiguration section */

/* Begin XCConfigurationList section */
		18BF2E6E24EA5AAD002A934C /* Build configuration list for PBXProject "AppleNotesDay74" */ = {
			isa = XCConfigurationList;
			buildConfigurations = (
				18BF2E8524EA5AAE002A934C /* Debug */,
				18BF2E8624EA5AAE002A934C /* Release */,
			);
			defaultConfigurationIsVisible = 0;
			defaultConfigurationName = Release;
		};
		18BF2E8724EA5AAE002A934C /* Build configuration list for PBXNativeTarget "AppleNotesDay74" */ = {
			isa = XCConfigurationList;
			buildConfigurations = (
				18BF2E8824EA5AAE002A934C /* Debug */,
				18BF2E8924EA5AAE002A934C /* Release */,
			);
			defaultConfigurationIsVisible = 0;
			defaultConfigurationName = Release;
		};
/* End XCConfigurationList section */
	};
	rootObject = 18BF2E6B24EA5AAD002A934C /* Project object */;
}
